
Microsoft Visual Studio Solution File, Format Version 12.00
# Visual Studio 2012
Project("{2150E333-8FDC-42A3-9474-1A3956D46DE8}") = ".nuget", ".nuget", "{614D2947-453C-4F9D-8787-F7F6832B7C5A}"
	ProjectSection(SolutionItems) = preProject
		.nuget\NuGet.exe = .nuget\NuGet.exe
		.nuget\NuGet.targets = .nuget\NuGet.targets
	EndProjectSection
EndProject
Project("{FAE04EC0-301F-11D3-BF4B-00C04F79EFBC}") = "SmsMessages", "SmsMessages\SmsMessages.csproj", "{024BB854-56C8-4A03-A9DE-68FF4FE1FBA7}"
EndProject
Project("{FAE04EC0-301F-11D3-BF4B-00C04F79EFBC}") = "SmsCoordinatorTests", "SmsCoordinatorTests\SmsCoordinatorTests.csproj", "{9C85101A-C4C0-49A2-B4D9-A6BAB104E67E}"
EndProject
Project("{FAE04EC0-301F-11D3-BF4B-00C04F79EFBC}") = "SmsCoordinator", "SmsCoordinator\SmsCoordinator.csproj", "{8C605680-13D5-4B2C-B6D2-3801188CDD35}"
EndProject
Project("{FAE04EC0-301F-11D3-BF4B-00C04F79EFBC}") = "SmsWeb", "SmsWeb\SmsWeb.csproj", "{3D7DD4C4-7DAC-43CC-AB86-7849FA1F2DA2}"
EndProject
Project("{FAE04EC0-301F-11D3-BF4B-00C04F79EFBC}") = "SmsWebTests", "SmsWebTests\SmsWebTests.csproj", "{F3045BF7-6246-41E3-9E88-C88D632029FF}"
EndProject
Project("{FAE04EC0-301F-11D3-BF4B-00C04F79EFBC}") = "EmailSender", "EmailSender\EmailSender.csproj", "{EFBAB146-1E4E-4430-946C-9E5AA8E62D98}"
EndProject
Project("{FAE04EC0-301F-11D3-BF4B-00C04F79EFBC}") = "ConfigurationModels", "ConfigurationModels\ConfigurationModels.csproj", "{39DA47DF-B0BF-4C61-975D-F4C3E93B1BC8}"
EndProject
Project("{FAE04EC0-301F-11D3-BF4B-00C04F79EFBC}") = "EmailSenderTests", "EmailSenderTests\EmailSenderTests.csproj", "{6FE46A87-05D6-41B0-80A0-F25579658BD2}"
EndProject
Project("{2150E333-8FDC-42A3-9474-1A3956D46DE8}") = "Solution Items", "Solution Items", "{28E9DDA8-E8E7-4C32-AFF0-219B94DB2A85}"
	ProjectSection(SolutionItems) = preProject
		..\..\..\Users\sjeffress\AppData\Local\Microsoft\VisualStudio\11.0\Extensions\2oqoulbd.tjf\schemas\WE-Palette.css = ..\..\..\Users\sjeffress\AppData\Local\Microsoft\VisualStudio\11.0\Extensions\2oqoulbd.tjf\schemas\WE-Palette.css
	EndProjectSection
EndProject
Project("{FAE04EC0-301F-11D3-BF4B-00C04F79EFBC}") = "SmsTrackingModels", "SmsTrackingModels\SmsTrackingModels.csproj", "{BD305005-40FD-4C3A-A893-6E7E5989C66A}"
EndProject
Project("{2150E333-8FDC-42A3-9474-1A3956D46DE8}") = "Configuration", "Configuration", "{9AA0C743-808E-4E85-A3CE-8E459B823087}"
	ProjectSection(SolutionItems) = preProject
		Configuration\Production.SmsWeb.SetParameters.xml = Configuration\Production.SmsWeb.SetParameters.xml
		Configuration\uat.SmsWeb.SetParameters.xml = Configuration\uat.SmsWeb.SetParameters.xml
	EndProjectSection
EndProject
Project("{FAE04EC0-301F-11D3-BF4B-00C04F79EFBC}") = "SmsScheduler", "SmsScheduler\SmsScheduler.csproj", "{BC1B12B1-878E-4DFB-9B8E-712A5D7A69E2}"
EndProject
Project("{FAE04EC0-301F-11D3-BF4B-00C04F79EFBC}") = "SmsSchedulerTests", "SchedulerTests\SmsSchedulerTests.csproj", "{58916F7C-A026-4157-8341-A9C9BFB94D51}"
EndProject
Project("{FAE04EC0-301F-11D3-BF4B-00C04F79EFBC}") = "SmsActioner", "SmsActioner\SmsActioner.csproj", "{AB0BAECF-6651-4F33-B58C-9687601E1A3E}"
EndProject
Project("{FAE04EC0-301F-11D3-BF4B-00C04F79EFBC}") = "SmsActionerTests", "SmsActionerTests\SmsActionerTests.csproj", "{4CF94D2D-5692-49D2-BFD5-268AD670FCFA}"
EndProject
Global
	GlobalSection(SolutionConfigurationPlatforms) = preSolution
		Debug|Any CPU = Debug|Any CPU
		Release|Any CPU = Release|Any CPU
	EndGlobalSection
	GlobalSection(ProjectConfigurationPlatforms) = postSolution
		{024BB854-56C8-4A03-A9DE-68FF4FE1FBA7}.Debug|Any CPU.ActiveCfg = Debug|Any CPU
		{024BB854-56C8-4A03-A9DE-68FF4FE1FBA7}.Debug|Any CPU.Build.0 = Debug|Any CPU
		{024BB854-56C8-4A03-A9DE-68FF4FE1FBA7}.Release|Any CPU.ActiveCfg = Release|Any CPU
		{024BB854-56C8-4A03-A9DE-68FF4FE1FBA7}.Release|Any CPU.Build.0 = Release|Any CPU
		{9C85101A-C4C0-49A2-B4D9-A6BAB104E67E}.Debug|Any CPU.ActiveCfg = Debug|Any CPU
		{9C85101A-C4C0-49A2-B4D9-A6BAB104E67E}.Debug|Any CPU.Build.0 = Debug|Any CPU
		{9C85101A-C4C0-49A2-B4D9-A6BAB104E67E}.Release|Any CPU.ActiveCfg = Release|Any CPU
		{9C85101A-C4C0-49A2-B4D9-A6BAB104E67E}.Release|Any CPU.Build.0 = Release|Any CPU
		{8C605680-13D5-4B2C-B6D2-3801188CDD35}.Debug|Any CPU.ActiveCfg = Debug|Any CPU
		{8C605680-13D5-4B2C-B6D2-3801188CDD35}.Debug|Any CPU.Build.0 = Debug|Any CPU
		{8C605680-13D5-4B2C-B6D2-3801188CDD35}.Release|Any CPU.ActiveCfg = Release|Any CPU
		{8C605680-13D5-4B2C-B6D2-3801188CDD35}.Release|Any CPU.Build.0 = Release|Any CPU
		{3D7DD4C4-7DAC-43CC-AB86-7849FA1F2DA2}.Debug|Any CPU.ActiveCfg = Debug|Any CPU
		{3D7DD4C4-7DAC-43CC-AB86-7849FA1F2DA2}.Debug|Any CPU.Build.0 = Debug|Any CPU
		{3D7DD4C4-7DAC-43CC-AB86-7849FA1F2DA2}.Release|Any CPU.ActiveCfg = Release|Any CPU
		{3D7DD4C4-7DAC-43CC-AB86-7849FA1F2DA2}.Release|Any CPU.Build.0 = Release|Any CPU
		{F3045BF7-6246-41E3-9E88-C88D632029FF}.Debug|Any CPU.ActiveCfg = Debug|Any CPU
		{F3045BF7-6246-41E3-9E88-C88D632029FF}.Debug|Any CPU.Build.0 = Debug|Any CPU
		{F3045BF7-6246-41E3-9E88-C88D632029FF}.Release|Any CPU.ActiveCfg = Release|Any CPU
		{F3045BF7-6246-41E3-9E88-C88D632029FF}.Release|Any CPU.Build.0 = Release|Any CPU
		{EFBAB146-1E4E-4430-946C-9E5AA8E62D98}.Debug|Any CPU.ActiveCfg = Debug|Any CPU
		{EFBAB146-1E4E-4430-946C-9E5AA8E62D98}.Debug|Any CPU.Build.0 = Debug|Any CPU
		{EFBAB146-1E4E-4430-946C-9E5AA8E62D98}.Debug|Any CPU.Deploy.0 = Debug|Any CPU
		{EFBAB146-1E4E-4430-946C-9E5AA8E62D98}.Release|Any CPU.ActiveCfg = Release|Any CPU
		{EFBAB146-1E4E-4430-946C-9E5AA8E62D98}.Release|Any CPU.Build.0 = Release|Any CPU
		{39DA47DF-B0BF-4C61-975D-F4C3E93B1BC8}.Debug|Any CPU.ActiveCfg = Debug|Any CPU
		{39DA47DF-B0BF-4C61-975D-F4C3E93B1BC8}.Debug|Any CPU.Build.0 = Debug|Any CPU
		{39DA47DF-B0BF-4C61-975D-F4C3E93B1BC8}.Release|Any CPU.ActiveCfg = Release|Any CPU
		{39DA47DF-B0BF-4C61-975D-F4C3E93B1BC8}.Release|Any CPU.Build.0 = Release|Any CPU
		{6FE46A87-05D6-41B0-80A0-F25579658BD2}.Debug|Any CPU.ActiveCfg = Debug|Any CPU
		{6FE46A87-05D6-41B0-80A0-F25579658BD2}.Debug|Any CPU.Build.0 = Debug|Any CPU
		{6FE46A87-05D6-41B0-80A0-F25579658BD2}.Release|Any CPU.ActiveCfg = Release|Any CPU
		{6FE46A87-05D6-41B0-80A0-F25579658BD2}.Release|Any CPU.Build.0 = Release|Any CPU
		{BD305005-40FD-4C3A-A893-6E7E5989C66A}.Debug|Any CPU.ActiveCfg = Debug|Any CPU
		{BD305005-40FD-4C3A-A893-6E7E5989C66A}.Debug|Any CPU.Build.0 = Debug|Any CPU
		{BD305005-40FD-4C3A-A893-6E7E5989C66A}.Release|Any CPU.ActiveCfg = Release|Any CPU
		{BD305005-40FD-4C3A-A893-6E7E5989C66A}.Release|Any CPU.Build.0 = Release|Any CPU
		{BC1B12B1-878E-4DFB-9B8E-712A5D7A69E2}.Debug|Any CPU.ActiveCfg = Debug|Any CPU
		{BC1B12B1-878E-4DFB-9B8E-712A5D7A69E2}.Debug|Any CPU.Build.0 = Debug|Any CPU
		{BC1B12B1-878E-4DFB-9B8E-712A5D7A69E2}.Release|Any CPU.ActiveCfg = Release|Any CPU
		{BC1B12B1-878E-4DFB-9B8E-712A5D7A69E2}.Release|Any CPU.Build.0 = Release|Any CPU
		{58916F7C-A026-4157-8341-A9C9BFB94D51}.Debug|Any CPU.ActiveCfg = Debug|Any CPU
		{58916F7C-A026-4157-8341-A9C9BFB94D51}.Debug|Any CPU.Build.0 = Debug|Any CPU
		{58916F7C-A026-4157-8341-A9C9BFB94D51}.Release|Any CPU.ActiveCfg = Release|Any CPU
		{58916F7C-A026-4157-8341-A9C9BFB94D51}.Release|Any CPU.Build.0 = Release|Any CPU
		{AB0BAECF-6651-4F33-B58C-9687601E1A3E}.Debug|Any CPU.ActiveCfg = Debug|Any CPU
		{AB0BAECF-6651-4F33-B58C-9687601E1A3E}.Debug|Any CPU.Build.0 = Debug|Any CPU
		{AB0BAECF-6651-4F33-B58C-9687601E1A3E}.Release|Any CPU.ActiveCfg = Release|Any CPU
		{AB0BAECF-6651-4F33-B58C-9687601E1A3E}.Release|Any CPU.Build.0 = Release|Any CPU
		{4CF94D2D-5692-49D2-BFD5-268AD670FCFA}.Debug|Any CPU.ActiveCfg = Debug|Any CPU
		{4CF94D2D-5692-49D2-BFD5-268AD670FCFA}.Debug|Any CPU.Build.0 = Debug|Any CPU
		{4CF94D2D-5692-49D2-BFD5-268AD670FCFA}.Release|Any CPU.ActiveCfg = Release|Any CPU
		{4CF94D2D-5692-49D2-BFD5-268AD670FCFA}.Release|Any CPU.Build.0 = Release|Any CPU
	EndGlobalSection
	GlobalSection(SolutionProperties) = preSolution
		HideSolutionNode = FALSE
	EndGlobalSection
EndGlobal
